// !$*UTF8*$!
{
	archiveVersion = 1;
	classes = {
	};
	objectVersion = 48;
	objects = {

/* Begin PBXBuildFile section */
		5351A922233926B700A0CBA1 /* AppDelegate.swift in Sources */ = {isa = PBXBuildFile; fileRef = 5351A921233926B700A0CBA1 /* AppDelegate.swift */; };
		5351A924233926B700A0CBA1 /* ViewController.swift in Sources */ = {isa = PBXBuildFile; fileRef = 5351A923233926B700A0CBA1 /* ViewController.swift */; };
		5351A927233926B700A0CBA1 /* Main.storyboard in Resources */ = {isa = PBXBuildFile; fileRef = 5351A925233926B700A0CBA1 /* Main.storyboard */; };
		5351A929233926B700A0CBA1 /* Assets.xcassets in Resources */ = {isa = PBXBuildFile; fileRef = 5351A928233926B700A0CBA1 /* Assets.xcassets */; };
		5351A92C233926B700A0CBA1 /* LaunchScreen.storyboard in Resources */ = {isa = PBXBuildFile; fileRef = 5351A92A233926B700A0CBA1 /* LaunchScreen.storyboard */; };
		5351A937233926B700A0CBA1 /* LightTests.swift in Sources */ = {isa = PBXBuildFile; fileRef = 5351A936233926B700A0CBA1 /* LightTests.swift */; };
		5351A942233926B700A0CBA1 /* LightUITests.swift in Sources */ = {isa = PBXBuildFile; fileRef = 5351A941233926B700A0CBA1 /* LightUITests.swift */; };
/* End PBXBuildFile section */

/* Begin PBXContainerItemProxy section */
		5351A933233926B700A0CBA1 /* PBXContainerItemProxy */ = {
			isa = PBXContainerItemProxy;
			containerPortal = 5351A916233926B700A0CBA1 /* Project object */;
			proxyType = 1;
			remoteGlobalIDString = 5351A91D233926B700A0CBA1;
			remoteInfo = Light;
		};
		5351A93E233926B700A0CBA1 /* PBXContainerItemProxy */ = {
			isa = PBXContainerItemProxy;
			containerPortal = 5351A916233926B700A0CBA1 /* Project object */;
			proxyType = 1;
			remoteGlobalIDString = 5351A91D233926B700A0CBA1;
			remoteInfo = Light;
		};
/* End PBXContainerItemProxy section */

/* Begin PBXFileReference section */
		5351A91E233926B700A0CBA1 /* Light.app */ = {isa = PBXFileReference; explicitFileType = wrapper.application; includeInIndex = 0; path = Light.app; sourceTree = BUILT_PRODUCTS_DIR; };
		5351A921233926B700A0CBA1 /* AppDelegate.swift */ = {isa = PBXFileReference; lastKnownFileType = sourcecode.swift; path = AppDelegate.swift; sourceTree = "<group>"; };
		5351A923233926B700A0CBA1 /* ViewController.swift */ = {isa = PBXFileReference; lastKnownFileType = sourcecode.swift; path = ViewController.swift; sourceTree = "<group>"; };
		5351A926233926B700A0CBA1 /* Base */ = {isa = PBXFileReference; lastKnownFileType = file.storyboard; name = Base; path = Base.lproj/Main.storyboard; sourceTree = "<group>"; };
		5351A928233926B700A0CBA1 /* Assets.xcassets */ = {isa = PBXFileReference; lastKnownFileType = folder.assetcatalog; path = Assets.xcassets; sourceTree = "<group>"; };
		5351A92B233926B700A0CBA1 /* Base */ = {isa = PBXFileReference; lastKnownFileType = file.storyboard; name = Base; path = Base.lproj/LaunchScreen.storyboard; sourceTree = "<group>"; };
		5351A92D233926B700A0CBA1 /* Info.plist */ = {isa = PBXFileReference; lastKnownFileType = text.plist.xml; path = Info.plist; sourceTree = "<group>"; };
		5351A932233926B700A0CBA1 /* LightTests.xctest */ = {isa = PBXFileReference; explicitFileType = wrapper.cfbundle; includeInIndex = 0; path = LightTests.xctest; sourceTree = BUILT_PRODUCTS_DIR; };
		5351A936233926B700A0CBA1 /* LightTests.swift */ = {isa = PBXFileReference; lastKnownFileType = sourcecode.swift; path = LightTests.swift; sourceTree = "<group>"; };
		5351A938233926B700A0CBA1 /* Info.plist */ = {isa = PBXFileReference; lastKnownFileType = text.plist.xml; path = Info.plist; sourceTree = "<group>"; };
		5351A93D233926B700A0CBA1 /* LightUITests.xctest */ = {isa = PBXFileReference; explicitFileType = wrapper.cfbundle; includeInIndex = 0; path = LightUITests.xctest; sourceTree = BUILT_PRODUCTS_DIR; };
		5351A941233926B700A0CBA1 /* LightUITests.swift */ = {isa = PBXFileReference; lastKnownFileType = sourcecode.swift; path = LightUITests.swift; sourceTree = "<group>"; };
		5351A943233926B700A0CBA1 /* Info.plist */ = {isa = PBXFileReference; lastKnownFileType = text.plist.xml; path = Info.plist; sourceTree = "<group>"; };
/* End PBXFileReference section */

/* Begin PBXFrameworksBuildPhase section */
		5351A91B233926B700A0CBA1 /* Frameworks */ = {
			isa = PBXFrameworksBuildPhase;
			buildActionMask = 2147483647;
			files = (
			);
			runOnlyForDeploymentPostprocessing = 0;
		};
		5351A92F233926B700A0CBA1 /* Frameworks */ = {
			isa = PBXFrameworksBuildPhase;
			buildActionMask = 2147483647;
			files = (
			);
			runOnlyForDeploymentPostprocessing = 0;
		};
		5351A93A233926B700A0CBA1 /* Frameworks */ = {
			isa = PBXFrameworksBuildPhase;
			buildActionMask = 2147483647;
			files = (
			);
			runOnlyForDeploymentPostprocessing = 0;
		};
/* End PBXFrameworksBuildPhase section */

/* Begin PBXGroup section */
		5351A915233926B700A0CBA1 = {
			isa = PBXGroup;
			children = (
				5351A920233926B700A0CBA1 /* Light */,
				5351A935233926B700A0CBA1 /* LightTests */,
				5351A940233926B700A0CBA1 /* LightUITests */,
				5351A91F233926B700A0CBA1 /* Products */,
			);
			sourceTree = "<group>";
		};
		5351A91F233926B700A0CBA1 /* Products */ = {
			isa = PBXGroup;
			children = (
				5351A91E233926B700A0CBA1 /* Light.app */,
				5351A932233926B700A0CBA1 /* LightTests.xctest */,
				5351A93D233926B700A0CBA1 /* LightUITests.xctest */,
			);
			name = Products;
			sourceTree = "<group>";
		};
		5351A920233926B700A0CBA1 /* Light */ = {
			isa = PBXGroup;
			children = (
				5351A921233926B700A0CBA1 /* AppDelegate.swift */,
				5351A923233926B700A0CBA1 /* ViewController.swift */,
				5351A925233926B700A0CBA1 /* Main.storyboard */,
				5351A928233926B700A0CBA1 /* Assets.xcassets */,
				5351A92A233926B700A0CBA1 /* LaunchScreen.storyboard */,
				5351A92D233926B700A0CBA1 /* Info.plist */,
			);
			path = Light;
			sourceTree = "<group>";
		};
		5351A935233926B700A0CBA1 /* LightTests */ = {
			isa = PBXGroup;
			children = (
				5351A936233926B700A0CBA1 /* LightTests.swift */,
				5351A938233926B700A0CBA1 /* Info.plist */,
			);
			path = LightTests;
			sourceTree = "<group>";
		};
		5351A940233926B700A0CBA1 /* LightUITests */ = {
			isa = PBXGroup;
			children = (
				5351A941233926B700A0CBA1 /* LightUITests.swift */,
				5351A943233926B700A0CBA1 /* Info.plist */,
			);
			path = LightUITests;
			sourceTree = "<group>";
		};
/* End PBXGroup section */

/* Begin PBXNativeTarget section */
		5351A91D233926B700A0CBA1 /* Light */ = {
			isa = PBXNativeTarget;
			buildConfigurationList = 5351A946233926B700A0CBA1 /* Build configuration list for PBXNativeTarget "Light" */;
			buildPhases = (
				5351A91A233926B700A0CBA1 /* Sources */,
				5351A91B233926B700A0CBA1 /* Frameworks */,
				5351A91C233926B700A0CBA1 /* Resources */,
			);
			buildRules = (
			);
			dependencies = (
			);
			name = Light;
			productName = Light;
			productReference = 5351A91E233926B700A0CBA1 /* Light.app */;
			productType = "com.apple.product-type.application";
		};
		5351A931233926B700A0CBA1 /* LightTests */ = {
			isa = PBXNativeTarget;
			buildConfigurationList = 5351A949233926B700A0CBA1 /* Build configuration list for PBXNativeTarget "LightTests" */;
			buildPhases = (
				5351A92E233926B700A0CBA1 /* Sources */,
				5351A92F233926B700A0CBA1 /* Frameworks */,
				5351A930233926B700A0CBA1 /* Resources */,
			);
			buildRules = (
			);
			dependencies = (
				5351A934233926B700A0CBA1 /* PBXTargetDependency */,
			);
			name = LightTests;
			productName = LightTests;
			productReference = 5351A932233926B700A0CBA1 /* LightTests.xctest */;
			productType = "com.apple.product-type.bundle.unit-test";
		};
		5351A93C233926B700A0CBA1 /* LightUITests */ = {
			isa = PBXNativeTarget;
			buildConfigurationList = 5351A94C233926B700A0CBA1 /* Build configuration list for PBXNativeTarget "LightUITests" */;
			buildPhases = (
				5351A939233926B700A0CBA1 /* Sources */,
				5351A93A233926B700A0CBA1 /* Frameworks */,
				5351A93B233926B700A0CBA1 /* Resources */,
			);
			buildRules = (
			);
			dependencies = (
				5351A93F233926B700A0CBA1 /* PBXTargetDependency */,
			);
			name = LightUITests;
			productName = LightUITests;
			productReference = 5351A93D233926B700A0CBA1 /* LightUITests.xctest */;
			productType = "com.apple.product-type.bundle.ui-testing";
		};
/* End PBXNativeTarget section */

/* Begin PBXProject section */
		5351A916233926B700A0CBA1 /* Project object */ = {
			isa = PBXProject;
			attributes = {
				LastSwiftUpdateCheck = 0920;
				LastUpgradeCheck = 0920;
				ORGANIZATIONNAME = "Jacob Chappell";
				TargetAttributes = {
					5351A91D233926B700A0CBA1 = {
						CreatedOnToolsVersion = 9.2;
						ProvisioningStyle = Automatic;
					};
					5351A931233926B700A0CBA1 = {
						CreatedOnToolsVersion = 9.2;
						ProvisioningStyle = Automatic;
						TestTargetID = 5351A91D233926B700A0CBA1;
					};
					5351A93C233926B700A0CBA1 = {
						CreatedOnToolsVersion = 9.2;
						ProvisioningStyle = Automatic;
						TestTargetID = 5351A91D233926B700A0CBA1;
					};
				};
			};
			buildConfigurationList = 5351A919233926B700A0CBA1 /* Build configuration list for PBXProject "Light" */;
			compatibilityVersion = "Xcode 8.0";
			developmentRegion = en;
			hasScannedForEncodings = 0;
			knownRegions = (
				en,
				Base,
			);
			mainGroup = 5351A915233926B700A0CBA1;
			productRefGroup = 5351A91F233926B700A0CBA1 /* Products */;
			projectDirPath = "";
			projectRoot = "";
			targets = (
				5351A91D233926B700A0CBA1 /* Light */,
				5351A931233926B700A0CBA1 /* LightTests */,
				5351A93C233926B700A0CBA1 /* LightUITests */,
			);
		};
/* End PBXProject section */

/* Begin PBXResourcesBuildPhase section */
		5351A91C233926B700A0CBA1 /* Resources */ = {
			isa = PBXResourcesBuildPhase;
			buildActionMask = 2147483647;
			files = (
				5351A92C233926B700A0CBA1 /* LaunchScreen.storyboard in Resources */,
				5351A929233926B700A0CBA1 /* Assets.xcassets in Resources */,
				5351A927233926B700A0CBA1 /* Main.storyboard in Resources */,
			);
			runOnlyForDeploymentPostprocessing = 0;
		};
		5351A930233926B700A0CBA1 /* Resources */ = {
			isa = PBXResourcesBuildPhase;
			buildActionMask = 2147483647;
			files = (
			);
			runOnlyForDeploymentPostprocessing = 0;
		};
		5351A93B233926B700A0CBA1 /* Resources */ = {
			isa = PBXResourcesBuildPhase;
			buildActionMask = 2147483647;
			files = (
			);
			runOnlyForDeploymentPostprocessing = 0;
		};
/* End PBXResourcesBuildPhase section */

/* Begin PBXSourcesBuildPhase section */
		5351A91A233926B700A0CBA1 /* Sources */ = {
			isa = PBXSourcesBuildPhase;
			buildActionMask = 2147483647;
			files = (
				5351A924233926B700A0CBA1 /* ViewController.swift in Sources */,
				5351A922233926B700A0CBA1 /* AppDelegate.swift in Sources */,
			);
			runOnlyForDeploymentPostprocessing = 0;
		};
		5351A92E233926B700A0CBA1 /* Sources */ = {
			isa = PBXSourcesBuildPhase;
			buildActionMask = 2147483647;
			files = (
				5351A937233926B700A0CBA1 /* LightTests.swift in Sources */,
			);
			runOnlyForDeploymentPostprocessing = 0;
		};
		5351A939233926B700A0CBA1 /* Sources */ = {
			isa = PBXSourcesBuildPhase;
			buildActionMask = 2147483647;
			files = (
				5351A942233926B700A0CBA1 /* LightUITests.swift in Sources */,
			);
			runOnlyForDeploymentPostprocessing = 0;
		};
/* End PBXSourcesBuildPhase section */

/* Begin PBXTargetDependency section */
		5351A934233926B700A0CBA1 /* PBXTargetDependency */ = {
			isa = PBXTargetDependency;
			target = 5351A91D233926B700A0CBA1 /* Light */;
			targetProxy = 5351A933233926B700A0CBA1 /* PBXContainerItemProxy */;
		};
		5351A93F233926B700A0CBA1 /* PBXTargetDependency */ = {
			isa = PBXTargetDependency;
			target = 5351A91D233926B700A0CBA1 /* Light */;
			targetProxy = 5351A93E233926B700A0CBA1 /* PBXContainerItemProxy */;
		};
/* End PBXTargetDependency section */

/* Begin PBXVariantGroup section */
		5351A925233926B700A0CBA1 /* Main.storyboard */ = {
			isa = PBXVariantGroup;
			children = (
				5351A926233926B700A0CBA1 /* Base */,
			);
			name = Main.storyboard;
			sourceTree = "<group>";
		};
		5351A92A233926B700A0CBA1 /* LaunchScreen.storyboard */ = {
			isa = PBXVariantGroup;
			children = (
				5351A92B233926B700A0CBA1 /* Base */,
			);
			name = LaunchScreen.storyboard;
			sourceTree = "<group>";
		};
/* End PBXVariantGroup section */

/* Begin XCBuildConfiguration section */
		5351A944233926B700A0CBA1 /* Debug */ = {
			isa = XCBuildConfiguration;
			buildSettings = {
				ALWAYS_SEARCH_USER_PATHS = NO;
				CLANG_ANALYZER_NONNULL = YES;
				CLANG_ANALYZER_NUMBER_OBJECT_CONVERSION = YES_AGGRESSIVE;
				CLANG_CXX_LANGUAGE_STANDARD = "gnu++14";
				CLANG_CXX_LIBRARY = "libc++";
				CLANG_ENABLE_MODULES = YES;
				CLANG_ENABLE_OBJC_ARC = YES;
				CLANG_WARN_BLOCK_CAPTURE_AUTORELEASING = YES;
				CLANG_WARN_BOOL_CONVERSION = YES;
				CLANG_WARN_COMMA = YES;
				CLANG_WARN_CONSTANT_CONVERSION = YES;
				CLANG_WARN_DIRECT_OBJC_ISA_USAGE = YES_ERROR;
				CLANG_WARN_DOCUMENTATION_COMMENTS = YES;
				CLANG_WARN_EMPTY_BODY = YES;
				CLANG_WARN_ENUM_CONVERSION = YES;
				CLANG_WARN_INFINITE_RECURSION = YES;
				CLANG_WARN_INT_CONVERSION = YES;
				CLANG_WARN_NON_LITERAL_NULL_CONVERSION = YES;
				CLANG_WARN_OBJC_LITERAL_CONVERSION = YES;
				CLANG_WARN_OBJC_ROOT_CLASS = YES_ERROR;
				CLANG_WARN_RANGE_LOOP_ANALYSIS = YES;
				CLANG_WARN_STRICT_PROTOTYPES = YES;
				CLANG_WARN_SUSPICIOUS_MOVE = YES;
				CLANG_WARN_UNGUARDED_AVAILABILITY = YES_AGGRESSIVE;
				CLANG_WARN_UNREACHABLE_CODE = YES;
				CLANG_WARN__DUPLICATE_METHOD_MATCH = YES;
				CODE_SIGN_IDENTITY = "iPhone Developer";
				COPY_PHASE_STRIP = NO;
				DEBUG_INFORMATION_FORMAT = dwarf;
				ENABLE_STRICT_OBJC_MSGSEND = YES;
				ENABLE_TESTABILITY = YES;
				GCC_C_LANGUAGE_STANDARD = gnu11;
				GCC_DYNAMIC_NO_PIC = NO;
				GCC_NO_COMMON_BLOCKS = YES;
				GCC_OPTIMIZATION_LEVEL = 0;
				GCC_PREPROCESSOR_DEFINITIONS = (
					"DEBUG=1",
					"$(inherited)",
				);
				GCC_WARN_64_TO_32_BIT_CONVERSION = YES;
				GCC_WARN_ABOUT_RETURN_TYPE = YES_ERROR;
				GCC_WARN_UNDECLARED_SELECTOR = YES;
				GCC_WARN_UNINITIALIZED_AUTOS = YES_AGGRESSIVE;
				GCC_WARN_UNUSED_FUNCTION = YES;
				GCC_WARN_UNUSED_VARIABLE = YES;
				IPHONEOS_DEPLOYMENT_TARGET = 11.2;
				MTL_ENABLE_DEBUG_INFO = YES;
				ONLY_ACTIVE_ARCH = YES;
				SDKROOT = iphoneos;
				SWIFT_ACTIVE_COMPILATION_CONDITIONS = DEBUG;
				SWIFT_OPTIMIZATION_LEVEL = "-Onone";
			};
			name = Debug;
		};
		5351A945233926B700A0CBA1 /* Release */ = {
			isa = XCBuildConfiguration;
			buildSettings = {
				ALWAYS_SEARCH_USER_PATHS = NO;
				CLANG_ANALYZER_NONNULL = YES;
				CLANG_ANALYZER_NUMBER_OBJECT_CONVERSION = YES_AGGRESSIVE;
				CLANG_CXX_LANGUAGE_STANDARD = "gnu++14";
				CLANG_CXX_LIBRARY = "libc++";
				CLANG_ENABLE_MODULES = YES;
				CLANG_ENABLE_OBJC_ARC = YES;
				CLANG_WARN_BLOCK_CAPTURE_AUTORELEASING = YES;
				CLANG_WARN_BOOL_CONVERSION = YES;
				CLANG_WARN_COMMA = YES;
				CLANG_WARN_CONSTANT_CONVERSION = YES;
				CLANG_WARN_DIRECT_OBJC_ISA_USAGE = YES_ERROR;
				CLANG_WARN_DOCUMENTATION_COMMENTS = YES;
				CLANG_WARN_EMPTY_BODY = YES;
				CLANG_WARN_ENUM_CONVERSION = YES;
				CLANG_WARN_INFINITE_RECURSION = YES;
				CLANG_WARN_INT_CONVERSION = YES;
				CLANG_WARN_NON_LITERAL_NULL_CONVERSION = YES;
				CLANG_WARN_OBJC_LITERAL_CONVERSION = YES;
				CLANG_WARN_OBJC_ROOT_CLASS = YES_ERROR;
				CLANG_WARN_RANGE_LOOP_ANALYSIS = YES;
				CLANG_WARN_STRICT_PROTOTYPES = YES;
				CLANG_WARN_SUSPICIOUS_MOVE = YES;
				CLANG_WARN_UNGUARDED_AVAILABILITY = YES_AGGRESSIVE;
				CLANG_WARN_UNREACHABLE_CODE = YES;
				CLANG_WARN__DUPLICATE_METHOD_MATCH = YES;
				CODE_SIGN_IDENTITY = "iPhone Developer";
				COPY_PHASE_STRIP = NO;
				DEBUG_INFORMATION_FORMAT = "dwarf-with-dsym";
				ENABLE_NS_ASSERTIONS = NO;
				ENABLE_STRICT_OBJC_MSGSEND = YES;
				GCC_C_LANGUAGE_STANDARD = gnu11;
				GCC_NO_COMMON_BLOCKS = YES;
				GCC_WARN_64_TO_32_BIT_CONVERSION = YES;
				GCC_WARN_ABOUT_RETURN_TYPE = YES_ERROR;
				GCC_WARN_UNDECLARED_SELECTOR = YES;
				GCC_WARN_UNINITIALIZED_AUTOS = YES_AGGRESSIVE;
				GCC_WARN_UNUSED_FUNCTION = YES;
				GCC_WARN_UNUSED_VARIABLE = YES;
				IPHONEOS_DEPLOYMENT_TARGET = 11.2;
				MTL_ENABLE_DEBUG_INFO = NO;
				SDKROOT = iphoneos;
				SWIFT_OPTIMIZATION_LEVEL = "-Owholemodule";
				VALIDATE_PRODUCT = YES;
			};
			name = Release;
		};
		5351A947233926B700A0CBA1 /* Debug */ = {
			isa = XCBuildConfiguration;
			buildSettings = {
				ASSETCATALOG_COMPILER_APPICON_NAME = AppIcon;
				CODE_SIGN_STYLE = Automatic;
				INFOPLIST_FILE = Light/Info.plist;
				LD_RUNPATH_SEARCH_PATHS = "$(inherited) @executable_path/Frameworks";
				PRODUCT_BUNDLE_IDENTIFIER = "Coppell-High-School.Light";
				PRODUCT_NAME = "$(TARGET_NAME)";
				SWIFT_VERSION = 4.0;
				TARGETED_DEVICE_FAMILY = "1,2";
			};
			name = Debug;
		};
		5351A948233926B700A0CBA1 /* Release */ = {
			isa = XCBuildConfiguration;
			buildSettings = {
				ASSETCATALOG_COMPILER_APPICON_NAME = AppIcon;
				CODE_SIGN_STYLE = Automatic;
				INFOPLIST_FILE = Light/Info.plist;
				LD_RUNPATH_SEARCH_PATHS = "$(inherited) @executable_path/Frameworks";
				PRODUCT_BUNDLE_IDENTIFIER = "Coppell-High-School.Light";
				PRODUCT_NAME = "$(TARGET_NAME)";
				SWIFT_VERSION = 4.0;
				TARGETED_DEVICE_FAMILY = "1,2";
			};
			name = Release;
		};
		5351A94A233926B700A0CBA1 /* Debug */ = {
			isa = XCBuildConfiguration;
			buildSettings = {
				ALWAYS_EMBED_SWIFT_STANDARD_LIBRARIES = YES;
				BUNDLE_LOADER = "$(TEST_HOST)";
				CODE_SIGN_STYLE = Automatic;
				INFOPLIST_FILE = LightTests/Info.plist;
				LD_RUNPATH_SEARCH_PATHS = "$(inherited) @executable_path/Frameworks @loader_path/Frameworks";
				PRODUCT_BUNDLE_IDENTIFIER = "Coppell-High-School.LightTests";
				PRODUCT_NAME = "$(TARGET_NAME)";
				SWIFT_VERSION = 4.0;
				TARGETED_DEVICE_FAMILY = "1,2";
				TEST_HOST = "$(BUILT_PRODUCTS_DIR)/Light.app/Light";
			};
			name = Debug;
		};
		5351A94B233926B700A0CBA1 /* Release */ = {
			isa = XCBuildConfiguration;
			buildSettings = {
				ALWAYS_EMBED_SWIFT_STANDARD_LIBRARIES = YES;
				BUNDLE_LOADER = "$(TEST_HOST)";
				CODE_SIGN_STYLE = Automatic;
				INFOPLIST_FILE = LightTests/Info.plist;
				LD_RUNPATH_SEARCH_PATHS = "$(inherited) @executable_path/Frameworks @loader_path/Frameworks";
				PRODUCT_BUNDLE_IDENTIFIER = "Coppell-High-School.LightTests";
				PRODUCT_NAME = "$(TARGET_NAME)";
				SWIFT_VERSION = 4.0;
				TARGETED_DEVICE_FAMILY = "1,2";
				TEST_HOST = "$(BUILT_PRODUCTS_DIR)/Light.app/Light";
			};
			name = Release;
		};
		5351A94D233926B700A0CBA1 /* Debug */ = {
			isa = XCBuildConfiguration;
			buildSettings = {
				ALWAYS_EMBED_SWIFT_STANDARD_LIBRARIES = YES;
				CODE_SIGN_STYLE = Automatic;
				INFOPLIST_FILE = LightUITests/Info.plist;
				LD_RUNPATH_SEARCH_PATHS = "$(inherited) @executable_path/Frameworks @loader_path/Frameworks";
				PRODUCT_BUNDLE_IDENTIFIER = "Coppell-High-School.LightUITests";
				PRODUCT_NAME = "$(TARGET_NAME)";
				SWIFT_VERSION = 4.0;
				TARGETED_DEVICE_FAMILY = "1,2";
				TEST_TARGET_NAME = Light;
			};
			name = Debug;
		};
		5351A94E233926B700A0CBA1 /* Release */ = {
			isa = XCBuildConfiguration;
			buildSettings = {
				ALWAYS_EMBED_SWIFT_STANDARD_LIBRARIES = YES;
				CODE_SIGN_STYLE = Automatic;
				INFOPLIST_FILE = LightUITests/Info.plist;
				LD_RUNPATH_SEARCH_PATHS = "$(inherited) @executable_path/Frameworks @loader_path/Frameworks";
				PRODUCT_BUNDLE_IDENTIFIER = "Coppell-High-School.LightUITests";
				PRODUCT_NAME = "$(TARGET_NAME)";
				SWIFT_VERSION = 4.0;
				TARGETED_DEVICE_FAMILY = "1,2";
				TEST_TARGET_NAME = Light;
			};
			name = Release;
		};
/* End XCBuildConfiguration section */

/* Begin XCConfigurationList section */
		5351A919233926B700A0CBA1 /* Build configuration list for PBXProject "Light" */ = {
			isa = XCConfigurationList;
			buildConfigurations = (
				5351A944233926B700A0CBA1 /* Debug */,
				5351A945233926B700A0CBA1 /* Release */,
			);
			defaultConfigurationIsVisible = 0;
			defaultConfigurationName = Release;
		};
		5351A946233926B700A0CBA1 /* Build configuration list for PBXNativeTarget "Light" */ = {
			isa = XCConfigurationList;
			buildConfigurations = (
				5351A947233926B700A0CBA1 /* Debug */,
				5351A948233926B700A0CBA1 /* Release */,
			);
			defaultConfigurationIsVisible = 0;
			defaultConfigurationName = Release;
		};
		5351A949233926B700A0CBA1 /* Build configuration list for PBXNativeTarget "LightTests" */ = {
			isa = XCConfigurationList;
			buildConfigurations = (
				5351A94A233926B700A0CBA1 /* Debug */,
				5351A94B233926B700A0CBA1 /* Release */,
			);
			defaultConfigurationIsVisible = 0;
			defaultConfigurationName = Release;
		};
		5351A94C233926B700A0CBA1 /* Build configuration list for PBXNativeTarget "LightUITests" */ = {
			isa = XCConfigurationList;
			buildConfigurations = (
				5351A94D233926B700A0CBA1 /* Debug */,
				5351A94E233926B700A0CBA1 /* Release */,
			);
			defaultConfigurationIsVisible = 0;
			defaultConfigurationName = Release;
		};
/* End XCConfigurationList section */
	};
	rootObject = 5351A916233926B700A0CBA1 /* Project object */;
}
